// !$*UTF8*$!
{
	archiveVersion = 1;
	classes = {
	};
	objectVersion = 50;
	objects = {

/* Begin PBXBuildFile section */
		6F09238027B63FB2006E5C14 /* PostViewController.swift in Sources */ = {isa = PBXBuildFile; fileRef = 6F09237F27B63FB2006E5C14 /* PostViewController.swift */; };
		6F09238227B668E7006E5C14 /* InfoViewController.swift in Sources */ = {isa = PBXBuildFile; fileRef = 6F09238127B668E7006E5C14 /* InfoViewController.swift */; };
		6F11E71927B53A3100FBF893 /* FeedViewController.swift in Sources */ = {isa = PBXBuildFile; fileRef = 6F11E71827B53A3100FBF893 /* FeedViewController.swift */; };
		6F11E71B27B53A4500FBF893 /* ProfileViewController.swift in Sources */ = {isa = PBXBuildFile; fileRef = 6F11E71A27B53A4500FBF893 /* ProfileViewController.swift */; };
		6F401F9B27C244AE009643AC /* LogInViewController.swift in Sources */ = {isa = PBXBuildFile; fileRef = 6F401F9A27C244AE009643AC /* LogInViewController.swift */; };
		6F56587827D4C79D001AE1D2 /* PostTableViewCell.swift in Sources */ = {isa = PBXBuildFile; fileRef = 6F56587727D4C79D001AE1D2 /* PostTableViewCell.swift */; };
		6F56587A27D4CC97001AE1D2 /* Post.swift in Sources */ = {isa = PBXBuildFile; fileRef = 6F56587927D4CC97001AE1D2 /* Post.swift */; };
		6F8F3A7927B7F15A0009650F /* ProfileHeaderView.swift in Sources */ = {isa = PBXBuildFile; fileRef = 6F8F3A7827B7F15A0009650F /* ProfileHeaderView.swift */; };
		6F9BD17B27B5259400FA5793 /* AppDelegate.swift in Sources */ = {isa = PBXBuildFile; fileRef = 6F9BD17A27B5259400FA5793 /* AppDelegate.swift */; };
		6F9BD17D27B5259400FA5793 /* SceneDelegate.swift in Sources */ = {isa = PBXBuildFile; fileRef = 6F9BD17C27B5259400FA5793 /* SceneDelegate.swift */; };
		6F9BD18427B5259500FA5793 /* Assets.xcassets in Resources */ = {isa = PBXBuildFile; fileRef = 6F9BD18327B5259500FA5793 /* Assets.xcassets */; };
		6F9BD18727B5259500FA5793 /* LaunchScreen.storyboard in Resources */ = {isa = PBXBuildFile; fileRef = 6F9BD18527B5259500FA5793 /* LaunchScreen.storyboard */; };
		6F9BD18F27B527E300FA5793 /* TabViewController.swift in Sources */ = {isa = PBXBuildFile; fileRef = 6F9BD18E27B527E300FA5793 /* TabViewController.swift */; };
		6FD3267D27C2817D00C48564 /* PaddingTextField.swift in Sources */ = {isa = PBXBuildFile; fileRef = 6FD3267C27C2817D00C48564 /* PaddingTextField.swift */; };
		6FE7DCE627C25645003AFF9B /* cat.png in Resources */ = {isa = PBXBuildFile; fileRef = 6FE7DCE527C25645003AFF9B /* cat.png */; };
		6FE7DCE827C2565A003AFF9B /* logo.png in Resources */ = {isa = PBXBuildFile; fileRef = 6FE7DCE727C2565A003AFF9B /* logo.png */; };
		6FE7DCEA27C25732003AFF9B /* UIColor+extension.swift in Sources */ = {isa = PBXBuildFile; fileRef = 6FE7DCE927C25732003AFF9B /* UIColor+extension.swift */; };
/* End PBXBuildFile section */

/* Begin PBXFileReference section */
		6F09237F27B63FB2006E5C14 /* PostViewController.swift */ = {isa = PBXFileReference; fileEncoding = 4; lastKnownFileType = sourcecode.swift; path = PostViewController.swift; sourceTree = "<group>"; };
		6F09238127B668E7006E5C14 /* InfoViewController.swift */ = {isa = PBXFileReference; lastKnownFileType = sourcecode.swift; path = InfoViewController.swift; sourceTree = "<group>"; };
		6F11E71827B53A3100FBF893 /* FeedViewController.swift */ = {isa = PBXFileReference; lastKnownFileType = sourcecode.swift; path = FeedViewController.swift; sourceTree = "<group>"; };
		6F11E71A27B53A4500FBF893 /* ProfileViewController.swift */ = {isa = PBXFileReference; lastKnownFileType = sourcecode.swift; path = ProfileViewController.swift; sourceTree = "<group>"; };
		6F401F9A27C244AE009643AC /* LogInViewController.swift */ = {isa = PBXFileReference; fileEncoding = 4; lastKnownFileType = sourcecode.swift; path = LogInViewController.swift; sourceTree = "<group>"; };
		6F56587727D4C79D001AE1D2 /* PostTableViewCell.swift */ = {isa = PBXFileReference; lastKnownFileType = sourcecode.swift; path = PostTableViewCell.swift; sourceTree = "<group>"; };
		6F56587927D4CC97001AE1D2 /* Post.swift */ = {isa = PBXFileReference; lastKnownFileType = sourcecode.swift; path = Post.swift; sourceTree = "<group>"; };
		6F8F3A7827B7F15A0009650F /* ProfileHeaderView.swift */ = {isa = PBXFileReference; lastKnownFileType = sourcecode.swift; path = ProfileHeaderView.swift; sourceTree = "<group>"; };
		6F9BD17727B5259400FA5793 /* Navigation.app */ = {isa = PBXFileReference; explicitFileType = wrapper.application; includeInIndex = 0; path = Navigation.app; sourceTree = BUILT_PRODUCTS_DIR; };
		6F9BD17A27B5259400FA5793 /* AppDelegate.swift */ = {isa = PBXFileReference; lastKnownFileType = sourcecode.swift; path = AppDelegate.swift; sourceTree = "<group>"; };
		6F9BD17C27B5259400FA5793 /* SceneDelegate.swift */ = {isa = PBXFileReference; lastKnownFileType = sourcecode.swift; path = SceneDelegate.swift; sourceTree = "<group>"; };
		6F9BD18327B5259500FA5793 /* Assets.xcassets */ = {isa = PBXFileReference; lastKnownFileType = folder.assetcatalog; path = Assets.xcassets; sourceTree = "<group>"; };
		6F9BD18627B5259500FA5793 /* Base */ = {isa = PBXFileReference; lastKnownFileType = file.storyboard; name = Base; path = Base.lproj/LaunchScreen.storyboard; sourceTree = "<group>"; };
		6F9BD18827B5259500FA5793 /* Info.plist */ = {isa = PBXFileReference; lastKnownFileType = text.plist.xml; path = Info.plist; sourceTree = "<group>"; };
		6F9BD18E27B527E300FA5793 /* TabViewController.swift */ = {isa = PBXFileReference; lastKnownFileType = sourcecode.swift; path = TabViewController.swift; sourceTree = "<group>"; };
		6FD3267C27C2817D00C48564 /* PaddingTextField.swift */ = {isa = PBXFileReference; lastKnownFileType = sourcecode.swift; path = PaddingTextField.swift; sourceTree = "<group>"; };
		6FE7DCE527C25645003AFF9B /* cat.png */ = {isa = PBXFileReference; lastKnownFileType = image.png; name = cat.png; path = Images/cat.png; sourceTree = SOURCE_ROOT; };
		6FE7DCE727C2565A003AFF9B /* logo.png */ = {isa = PBXFileReference; lastKnownFileType = image.png; name = logo.png; path = Images/logo.png; sourceTree = SOURCE_ROOT; };
		6FE7DCE927C25732003AFF9B /* UIColor+extension.swift */ = {isa = PBXFileReference; fileEncoding = 4; lastKnownFileType = sourcecode.swift; path = "UIColor+extension.swift"; sourceTree = "<group>"; };
/* End PBXFileReference section */

/* Begin PBXFrameworksBuildPhase section */
		6F9BD17427B5259400FA5793 /* Frameworks */ = {
			isa = PBXFrameworksBuildPhase;
			buildActionMask = 2147483647;
			files = (
			);
			runOnlyForDeploymentPostprocessing = 0;
		};
/* End PBXFrameworksBuildPhase section */

/* Begin PBXGroup section */
		6F8F3A7727B7F1200009650F /* Profile */ = {
			isa = PBXGroup;
			children = (
				6F56587927D4CC97001AE1D2 /* Post.swift */,
				6F11E71A27B53A4500FBF893 /* ProfileViewController.swift */,
				6F8F3A7827B7F15A0009650F /* ProfileHeaderView.swift */,
				6F401F9A27C244AE009643AC /* LogInViewController.swift */,
				6FE7DCE927C25732003AFF9B /* UIColor+extension.swift */,
				6FD3267C27C2817D00C48564 /* PaddingTextField.swift */,
				6FE7DCE527C25645003AFF9B /* cat.png */,
				6FE7DCE727C2565A003AFF9B /* logo.png */,
				6F56587727D4C79D001AE1D2 /* PostTableViewCell.swift */,
			);
			path = Profile;
			sourceTree = "<group>";
		};
		6F9BD16E27B5259400FA5793 = {
			isa = PBXGroup;
			children = (
				6F9BD17927B5259400FA5793 /* Navigation */,
				6F9BD17827B5259400FA5793 /* Products */,
			);
			sourceTree = "<group>";
		};
		6F9BD17827B5259400FA5793 /* Products */ = {
			isa = PBXGroup;
			children = (
				6F9BD17727B5259400FA5793 /* Navigation.app */,
			);
			name = Products;
			sourceTree = "<group>";
		};
		6F9BD17927B5259400FA5793 /* Navigation */ = {
			isa = PBXGroup;
			children = (
				6F9BD17A27B5259400FA5793 /* AppDelegate.swift */,
				6F9BD17C27B5259400FA5793 /* SceneDelegate.swift */,
				6F9BD18327B5259500FA5793 /* Assets.xcassets */,
				6F9BD18E27B527E300FA5793 /* TabViewController.swift */,
				6F11E71827B53A3100FBF893 /* FeedViewController.swift */,
				6F09237F27B63FB2006E5C14 /* PostViewController.swift */,
				6F09238127B668E7006E5C14 /* InfoViewController.swift */,
				6F9BD18527B5259500FA5793 /* LaunchScreen.storyboard */,
				6F9BD18827B5259500FA5793 /* Info.plist */,
				6F8F3A7727B7F1200009650F /* Profile */,
			);
			path = Navigation;
			sourceTree = "<group>";
		};
/* End PBXGroup section */

/* Begin PBXNativeTarget section */
		6F9BD17627B5259400FA5793 /* Navigation */ = {
			isa = PBXNativeTarget;
			buildConfigurationList = 6F9BD18B27B5259500FA5793 /* Build configuration list for PBXNativeTarget "Navigation" */;
			buildPhases = (
				6F9BD17327B5259400FA5793 /* Sources */,
				6F9BD17427B5259400FA5793 /* Frameworks */,
				6F9BD17527B5259400FA5793 /* Resources */,
			);
			buildRules = (
			);
			dependencies = (
			);
			name = Navigation;
			productName = Navigation;
			productReference = 6F9BD17727B5259400FA5793 /* Navigation.app */;
			productType = "com.apple.product-type.application";
		};
/* End PBXNativeTarget section */

/* Begin PBXProject section */
		6F9BD16F27B5259400FA5793 /* Project object */ = {
			isa = PBXProject;
			attributes = {
				LastSwiftUpdateCheck = 1130;
				LastUpgradeCheck = 1130;
				ORGANIZATIONNAME = "Andrey Kaplun";
				TargetAttributes = {
					6F9BD17627B5259400FA5793 = {
						CreatedOnToolsVersion = 11.3.1;
					};
				};
			};
			buildConfigurationList = 6F9BD17227B5259400FA5793 /* Build configuration list for PBXProject "Navigation" */;
			compatibilityVersion = "Xcode 9.3";
			developmentRegion = en;
			hasScannedForEncodings = 0;
			knownRegions = (
				en,
				Base,
			);
			mainGroup = 6F9BD16E27B5259400FA5793;
			productRefGroup = 6F9BD17827B5259400FA5793 /* Products */;
			projectDirPath = "";
			projectRoot = "";
			targets = (
				6F9BD17627B5259400FA5793 /* Navigation */,
			);
		};
/* End PBXProject section */

/* Begin PBXResourcesBuildPhase section */
		6F9BD17527B5259400FA5793 /* Resources */ = {
			isa = PBXResourcesBuildPhase;
			buildActionMask = 2147483647;
			files = (
				6FE7DCE827C2565A003AFF9B /* logo.png in Resources */,
				6FE7DCE627C25645003AFF9B /* cat.png in Resources */,
				6F9BD18727B5259500FA5793 /* LaunchScreen.storyboard in Resources */,
				6F9BD18427B5259500FA5793 /* Assets.xcassets in Resources */,
			);
			runOnlyForDeploymentPostprocessing = 0;
		};
/* End PBXResourcesBuildPhase section */

/* Begin PBXSourcesBuildPhase section */
		6F9BD17327B5259400FA5793 /* Sources */ = {
			isa = PBXSourcesBuildPhase;
			buildActionMask = 2147483647;
			files = (
				6F09238027B63FB2006E5C14 /* PostViewController.swift in Sources */,
				6FD3267D27C2817D00C48564 /* PaddingTextField.swift in Sources */,
				6F9BD18F27B527E300FA5793 /* TabViewController.swift in Sources */,
				6F401F9B27C244AE009643AC /* LogInViewController.swift in Sources */,
				6F56587A27D4CC97001AE1D2 /* Post.swift in Sources */,
				6F9BD17B27B5259400FA5793 /* AppDelegate.swift in Sources */,
				6F09238227B668E7006E5C14 /* InfoViewController.swift in Sources */,
				6F11E71B27B53A4500FBF893 /* ProfileViewController.swift in Sources */,
				6F11E71927B53A3100FBF893 /* FeedViewController.swift in Sources */,
				6FE7DCEA27C25732003AFF9B /* UIColor+extension.swift in Sources */,
				6F9BD17D27B5259400FA5793 /* SceneDelegate.swift in Sources */,
				6F8F3A7927B7F15A0009650F /* ProfileHeaderView.swift in Sources */,
				6F56587827D4C79D001AE1D2 /* PostTableViewCell.swift in Sources */,
			);
			runOnlyForDeploymentPostprocessing = 0;
		};
/* End PBXSourcesBuildPhase section */

/* Begin PBXVariantGroup section */
		6F9BD18527B5259500FA5793 /* LaunchScreen.storyboard */ = {
			isa = PBXVariantGroup;
			children = (
				6F9BD18627B5259500FA5793 /* Base */,
			);
			name = LaunchScreen.storyboard;
			sourceTree = "<group>";
		};
/* End PBXVariantGroup section */

/* Begin XCBuildConfiguration section */
		6F9BD18927B5259500FA5793 /* Debug */ = {
			isa = XCBuildConfiguration;
			buildSettings = {
				ALWAYS_SEARCH_USER_PATHS = NO;
				CLANG_ANALYZER_NONNULL = YES;
				CLANG_ANALYZER_NUMBER_OBJECT_CONVERSION = YES_AGGRESSIVE;
				CLANG_CXX_LANGUAGE_STANDARD = "gnu++14";
				CLANG_CXX_LIBRARY = "libc++";
				CLANG_ENABLE_MODULES = YES;
				CLANG_ENABLE_OBJC_ARC = YES;
				CLANG_ENABLE_OBJC_WEAK = YES;
				CLANG_WARN_BLOCK_CAPTURE_AUTORELEASING = YES;
				CLANG_WARN_BOOL_CONVERSION = YES;
				CLANG_WARN_COMMA = YES;
				CLANG_WARN_CONSTANT_CONVERSION = YES;
				CLANG_WARN_DEPRECATED_OBJC_IMPLEMENTATIONS = YES;
				CLANG_WARN_DIRECT_OBJC_ISA_USAGE = YES_ERROR;
				CLANG_WARN_DOCUMENTATION_COMMENTS = YES;
				CLANG_WARN_EMPTY_BODY = YES;
				CLANG_WARN_ENUM_CONVERSION = YES;
				CLANG_WARN_INFINITE_RECURSION = YES;
				CLANG_WARN_INT_CONVERSION = YES;
				CLANG_WARN_NON_LITERAL_NULL_CONVERSION = YES;
				CLANG_WARN_OBJC_IMPLICIT_RETAIN_SELF = YES;
				CLANG_WARN_OBJC_LITERAL_CONVERSION = YES;
				CLANG_WARN_OBJC_ROOT_CLASS = YES_ERROR;
				CLANG_WARN_RANGE_LOOP_ANALYSIS = YES;
				CLANG_WARN_STRICT_PROTOTYPES = YES;
				CLANG_WARN_SUSPICIOUS_MOVE = YES;
				CLANG_WARN_UNGUARDED_AVAILABILITY = YES_AGGRESSIVE;
				CLANG_WARN_UNREACHABLE_CODE = YES;
				CLANG_WARN__DUPLICATE_METHOD_MATCH = YES;
				COPY_PHASE_STRIP = NO;
				DEBUG_INFORMATION_FORMAT = dwarf;
				ENABLE_STRICT_OBJC_MSGSEND = YES;
				ENABLE_TESTABILITY = YES;
				GCC_C_LANGUAGE_STANDARD = gnu11;
				GCC_DYNAMIC_NO_PIC = NO;
				GCC_NO_COMMON_BLOCKS = YES;
				GCC_OPTIMIZATION_LEVEL = 0;
				GCC_PREPROCESSOR_DEFINITIONS = (
					"DEBUG=1",
					"$(inherited)",
				);
				GCC_WARN_64_TO_32_BIT_CONVERSION = YES;
				GCC_WARN_ABOUT_RETURN_TYPE = YES_ERROR;
				GCC_WARN_UNDECLARED_SELECTOR = YES;
				GCC_WARN_UNINITIALIZED_AUTOS = YES_AGGRESSIVE;
				GCC_WARN_UNUSED_FUNCTION = YES;
				GCC_WARN_UNUSED_VARIABLE = YES;
				IPHONEOS_DEPLOYMENT_TARGET = 13.2;
				MTL_ENABLE_DEBUG_INFO = INCLUDE_SOURCE;
				MTL_FAST_MATH = YES;
				ONLY_ACTIVE_ARCH = YES;
				SDKROOT = iphoneos;
				SWIFT_ACTIVE_COMPILATION_CONDITIONS = DEBUG;
				SWIFT_OPTIMIZATION_LEVEL = "-Onone";
			};
			name = Debug;
		};
		6F9BD18A27B5259500FA5793 /* Release */ = {
			isa = XCBuildConfiguration;
			buildSettings = {
				ALWAYS_SEARCH_USER_PATHS = NO;
				CLANG_ANALYZER_NONNULL = YES;
				CLANG_ANALYZER_NUMBER_OBJECT_CONVERSION = YES_AGGRESSIVE;
				CLANG_CXX_LANGUAGE_STANDARD = "gnu++14";
				CLANG_CXX_LIBRARY = "libc++";
				CLANG_ENABLE_MODULES = YES;
				CLANG_ENABLE_OBJC_ARC = YES;
				CLANG_ENABLE_OBJC_WEAK = YES;
				CLANG_WARN_BLOCK_CAPTURE_AUTORELEASING = YES;
				CLANG_WARN_BOOL_CONVERSION = YES;
				CLANG_WARN_COMMA = YES;
				CLANG_WARN_CONSTANT_CONVERSION = YES;
				CLANG_WARN_DEPRECATED_OBJC_IMPLEMENTATIONS = YES;
				CLANG_WARN_DIRECT_OBJC_ISA_USAGE = YES_ERROR;
				CLANG_WARN_DOCUMENTATION_COMMENTS = YES;
				CLANG_WARN_EMPTY_BODY = YES;
				CLANG_WARN_ENUM_CONVERSION = YES;
				CLANG_WARN_INFINITE_RECURSION = YES;
				CLANG_WARN_INT_CONVERSION = YES;
				CLANG_WARN_NON_LITERAL_NULL_CONVERSION = YES;
				CLANG_WARN_OBJC_IMPLICIT_RETAIN_SELF = YES;
				CLANG_WARN_OBJC_LITERAL_CONVERSION = YES;
				CLANG_WARN_OBJC_ROOT_CLASS = YES_ERROR;
				CLANG_WARN_RANGE_LOOP_ANALYSIS = YES;
				CLANG_WARN_STRICT_PROTOTYPES = YES;
				CLANG_WARN_SUSPICIOUS_MOVE = YES;
				CLANG_WARN_UNGUARDED_AVAILABILITY = YES_AGGRESSIVE;
				CLANG_WARN_UNREACHABLE_CODE = YES;
				CLANG_WARN__DUPLICATE_METHOD_MATCH = YES;
				COPY_PHASE_STRIP = NO;
				DEBUG_INFORMATION_FORMAT = "dwarf-with-dsym";
				ENABLE_NS_ASSERTIONS = NO;
				ENABLE_STRICT_OBJC_MSGSEND = YES;
				GCC_C_LANGUAGE_STANDARD = gnu11;
				GCC_NO_COMMON_BLOCKS = YES;
				GCC_WARN_64_TO_32_BIT_CONVERSION = YES;
				GCC_WARN_ABOUT_RETURN_TYPE = YES_ERROR;
				GCC_WARN_UNDECLARED_SELECTOR = YES;
				GCC_WARN_UNINITIALIZED_AUTOS = YES_AGGRESSIVE;
				GCC_WARN_UNUSED_FUNCTION = YES;
				GCC_WARN_UNUSED_VARIABLE = YES;
				IPHONEOS_DEPLOYMENT_TARGET = 13.2;
				MTL_ENABLE_DEBUG_INFO = NO;
				MTL_FAST_MATH = YES;
				SDKROOT = iphoneos;
				SWIFT_COMPILATION_MODE = wholemodule;
				SWIFT_OPTIMIZATION_LEVEL = "-O";
				VALIDATE_PRODUCT = YES;
			};
			name = Release;
		};
		6F9BD18C27B5259500FA5793 /* Debug */ = {
			isa = XCBuildConfiguration;
			buildSettings = {
				ASSETCATALOG_COMPILER_APPICON_NAME = AppIcon;
				CODE_SIGN_STYLE = Automatic;
				INFOPLIST_FILE = Navigation/Info.plist;
				LD_RUNPATH_SEARCH_PATHS = (
					"$(inherited)",
					"@executable_path/Frameworks",
				);
				PRODUCT_BUNDLE_IDENTIFIER = kaplun.Navigation;
				PRODUCT_NAME = "$(TARGET_NAME)";
				SWIFT_VERSION = 5.0;
				TARGETED_DEVICE_FAMILY = "1,2";
			};
			name = Debug;
		};
		6F9BD18D27B5259500FA5793 /* Release */ = {
			isa = XCBuildConfiguration;
			buildSettings = {
				ASSETCATALOG_COMPILER_APPICON_NAME = AppIcon;
				CODE_SIGN_STYLE = Automatic;
				INFOPLIST_FILE = Navigation/Info.plist;
				LD_RUNPATH_SEARCH_PATHS = (
					"$(inherited)",
					"@executable_path/Frameworks",
				);
				PRODUCT_BUNDLE_IDENTIFIER = kaplun.Navigation;
				PRODUCT_NAME = "$(TARGET_NAME)";
				SWIFT_VERSION = 5.0;
				TARGETED_DEVICE_FAMILY = "1,2";
			};
			name = Release;
		};
/* End XCBuildConfiguration section */

/* Begin XCConfigurationList section */
		6F9BD17227B5259400FA5793 /* Build configuration list for PBXProject "Navigation" */ = {
			isa = XCConfigurationList;
			buildConfigurations = (
				6F9BD18927B5259500FA5793 /* Debug */,
				6F9BD18A27B5259500FA5793 /* Release */,
			);
			defaultConfigurationIsVisible = 0;
			defaultConfigurationName = Release;
		};
		6F9BD18B27B5259500FA5793 /* Build configuration list for PBXNativeTarget "Navigation" */ = {
			isa = XCConfigurationList;
			buildConfigurations = (
				6F9BD18C27B5259500FA5793 /* Debug */,
				6F9BD18D27B5259500FA5793 /* Release */,
			);
			defaultConfigurationIsVisible = 0;
			defaultConfigurationName = Release;
		};
/* End XCConfigurationList section */
	};
	rootObject = 6F9BD16F27B5259400FA5793 /* Project object */;
}
